
Microsoft Visual Studio Solution File, Format Version 12.00
# Visual Studio 2012
Project("{8BC9CEB8-8B4A-11D0-8D11-00A0C91BC942}") = "musicSample", "musicSample\musicSample.vcxproj", "{5EB68041-9D0E-40F6-B4D2-212E421C9550}"
EndProject
Global
	GlobalSection(SolutionConfigurationPlatforms) = preSolution
		Debug|Win32 = Debug|Win32
		Release|Win32 = Release|Win32
	EndGlobalSection
	GlobalSection(ProjectConfigurationPlatforms) = postSolution
		{5EB68041-9D0E-40F6-B4D2-212E421C9550}.Debug|Win32.ActiveCfg = Debug|Win32
		{5EB68041-9D0E-40F6-B4D2-212E421C9550}.Debug|Win32.Build.0 = Debug|Win32
		{5EB68041-9D0E-40F6-B4D2-212E421C9550}.Release|Win32.ActiveCfg = Release|Win32
		{5EB68041-9D0E-40F6-B4D2-212E421C9550}.Release|Win32.Build.0 = Release|Win32
	EndGlobalSection
	GlobalSection(SolutionProperties) = preSolution
		HideSolutionNode = FALSE
	EndGlobalSection
EndGlobal
